{
  "name": "shiny-react",
  "version": "1.0.0",
  "lockfileVersion": 3,
  "requires": true,
  "packages": {
    "": {
      "name": "shiny-react",
      "version": "1.0.0",
      "license": "MIT",
      "devDependencies": {
        "@types/react-dom": "^19.1.3",
        "@types/rstudio-shiny": "git+https://git@github.com/rstudio/shiny.git#v1.10.0",
        "esbuild": "^0.25.3",
        "prettier": "^3.5.3",
        "prettier-plugin-organize-imports": "^4.1.0",
        "react": "^19.1.0",
        "react-dom": "^19.1.0",
        "typescript": "^5.8.3"
      }
    },
    "node_modules/@esbuild/aix-ppc64": {
      "version": "0.25.3",
      "resolved": "https://registry.npmjs.org/@esbuild/aix-ppc64/-/aix-ppc64-0.25.3.tgz",
      "integrity": "sha512-W8bFfPA8DowP8l//sxjJLSLkD8iEjMc7cBVyP+u4cEv9sM7mdUCkgsj+t0n/BWPFtv7WWCN5Yzj0N6FJNUUqBQ==",
      "cpu": [
        "ppc64"
      ],
      "dev": true,
      "license": "MIT",
      "optional": true,
      "os": [
        "aix"
      ],
      "engines": {
        "node": ">=18"
      }
    },
    "node_modules/@esbuild/android-arm": {
      "version": "0.25.3",
      "resolved": "https://registry.npmjs.org/@esbuild/android-arm/-/android-arm-0.25.3.tgz",
      "integrity": "sha512-PuwVXbnP87Tcff5I9ngV0lmiSu40xw1At6i3GsU77U7cjDDB4s0X2cyFuBiDa1SBk9DnvWwnGvVaGBqoFWPb7A==",
      "cpu": [
        "arm"
      ],
      "dev": true,
      "license": "MIT",
      "optional": true,
      "os": [
        "android"
      ],
      "engines": {
        "node": ">=18"
      }
    },
    "node_modules/@esbuild/android-arm64": {
      "version": "0.25.3",
      "resolved": "https://registry.npmjs.org/@esbuild/android-arm64/-/android-arm64-0.25.3.tgz",
      "integrity": "sha512-XelR6MzjlZuBM4f5z2IQHK6LkK34Cvv6Rj2EntER3lwCBFdg6h2lKbtRjpTTsdEjD/WSe1q8UyPBXP1x3i/wYQ==",
      "cpu": [
        "arm64"
      ],
      "dev": true,
      "license": "MIT",
      "optional": true,
      "os": [
        "android"
      ],
      "engines": {
        "node": ">=18"
      }
    },
    "node_modules/@esbuild/android-x64": {
      "version": "0.25.3",
      "resolved": "https://registry.npmjs.org/@esbuild/android-x64/-/android-x64-0.25.3.tgz",
      "integrity": "sha512-ogtTpYHT/g1GWS/zKM0cc/tIebFjm1F9Aw1boQ2Y0eUQ+J89d0jFY//s9ei9jVIlkYi8AfOjiixcLJSGNSOAdQ==",
      "cpu": [
        "x64"
      ],
      "dev": true,
      "license": "MIT",
      "optional": true,
      "os": [
        "android"
      ],
      "engines": {
        "node": ">=18"
      }
    },
    "node_modules/@esbuild/darwin-arm64": {
      "version": "0.25.3",
      "resolved": "https://registry.npmjs.org/@esbuild/darwin-arm64/-/darwin-arm64-0.25.3.tgz",
      "integrity": "sha512-eESK5yfPNTqpAmDfFWNsOhmIOaQA59tAcF/EfYvo5/QWQCzXn5iUSOnqt3ra3UdzBv073ykTtmeLJZGt3HhA+w==",
      "cpu": [
        "arm64"
      ],
      "dev": true,
      "license": "MIT",
      "optional": true,
      "os": [
        "darwin"
      ],
      "engines": {
        "node": ">=18"
      }
    },
    "node_modules/@esbuild/darwin-x64": {
      "version": "0.25.3",
      "resolved": "https://registry.npmjs.org/@esbuild/darwin-x64/-/darwin-x64-0.25.3.tgz",
      "integrity": "sha512-Kd8glo7sIZtwOLcPbW0yLpKmBNWMANZhrC1r6K++uDR2zyzb6AeOYtI6udbtabmQpFaxJ8uduXMAo1gs5ozz8A==",
      "cpu": [
        "x64"
      ],
      "dev": true,
      "license": "MIT",
      "optional": true,
      "os": [
        "darwin"
      ],
      "engines": {
        "node": ">=18"
      }
    },
    "node_modules/@esbuild/freebsd-arm64": {
      "version": "0.25.3",
      "resolved": "https://registry.npmjs.org/@esbuild/freebsd-arm64/-/freebsd-arm64-0.25.3.tgz",
      "integrity": "sha512-EJiyS70BYybOBpJth3M0KLOus0n+RRMKTYzhYhFeMwp7e/RaajXvP+BWlmEXNk6uk+KAu46j/kaQzr6au+JcIw==",
      "cpu": [
        "arm64"
      ],
      "dev": true,
      "license": "MIT",
      "optional": true,
      "os": [
        "freebsd"
      ],
      "engines": {
        "node": ">=18"
      }
    },
    "node_modules/@esbuild/freebsd-x64": {
      "version": "0.25.3",
      "resolved": "https://registry.npmjs.org/@esbuild/freebsd-x64/-/freebsd-x64-0.25.3.tgz",
      "integrity": "sha512-Q+wSjaLpGxYf7zC0kL0nDlhsfuFkoN+EXrx2KSB33RhinWzejOd6AvgmP5JbkgXKmjhmpfgKZq24pneodYqE8Q==",
      "cpu": [
        "x64"
      ],
      "dev": true,
      "license": "MIT",
      "optional": true,
      "os": [
        "freebsd"
      ],
      "engines": {
        "node": ">=18"
      }
    },
    "node_modules/@esbuild/linux-arm": {
      "version": "0.25.3",
      "resolved": "https://registry.npmjs.org/@esbuild/linux-arm/-/linux-arm-0.25.3.tgz",
      "integrity": "sha512-dUOVmAUzuHy2ZOKIHIKHCm58HKzFqd+puLaS424h6I85GlSDRZIA5ycBixb3mFgM0Jdh+ZOSB6KptX30DD8YOQ==",
      "cpu": [
        "arm"
      ],
      "dev": true,
      "license": "MIT",
      "optional": true,
      "os": [
        "linux"
      ],
      "engines": {
        "node": ">=18"
      }
    },
    "node_modules/@esbuild/linux-arm64": {
      "version": "0.25.3",
      "resolved": "https://registry.npmjs.org/@esbuild/linux-arm64/-/linux-arm64-0.25.3.tgz",
      "integrity": "sha512-xCUgnNYhRD5bb1C1nqrDV1PfkwgbswTTBRbAd8aH5PhYzikdf/ddtsYyMXFfGSsb/6t6QaPSzxtbfAZr9uox4A==",
      "cpu": [
        "arm64"
      ],
      "dev": true,
      "license": "MIT",
      "optional": true,
      "os": [
        "linux"
      ],
      "engines": {
        "node": ">=18"
      }
    },
    "node_modules/@esbuild/linux-ia32": {
      "version": "0.25.3",
      "resolved": "https://registry.npmjs.org/@esbuild/linux-ia32/-/linux-ia32-0.25.3.tgz",
      "integrity": "sha512-yplPOpczHOO4jTYKmuYuANI3WhvIPSVANGcNUeMlxH4twz/TeXuzEP41tGKNGWJjuMhotpGabeFYGAOU2ummBw==",
      "cpu": [
        "ia32"
      ],
      "dev": true,
      "license": "MIT",
      "optional": true,
      "os": [
        "linux"
      ],
      "engines": {
        "node": ">=18"
      }
    },
    "node_modules/@esbuild/linux-loong64": {
      "version": "0.25.3",
      "resolved": "https://registry.npmjs.org/@esbuild/linux-loong64/-/linux-loong64-0.25.3.tgz",
      "integrity": "sha512-P4BLP5/fjyihmXCELRGrLd793q/lBtKMQl8ARGpDxgzgIKJDRJ/u4r1A/HgpBpKpKZelGct2PGI4T+axcedf6g==",
      "cpu": [
        "loong64"
      ],
      "dev": true,
      "license": "MIT",
      "optional": true,
      "os": [
        "linux"
      ],
      "engines": {
        "node": ">=18"
      }
    },
    "node_modules/@esbuild/linux-mips64el": {
      "version": "0.25.3",
      "resolved": "https://registry.npmjs.org/@esbuild/linux-mips64el/-/linux-mips64el-0.25.3.tgz",
      "integrity": "sha512-eRAOV2ODpu6P5divMEMa26RRqb2yUoYsuQQOuFUexUoQndm4MdpXXDBbUoKIc0iPa4aCO7gIhtnYomkn2x+bag==",
      "cpu": [
        "mips64el"
      ],
      "dev": true,
      "license": "MIT",
      "optional": true,
      "os": [
        "linux"
      ],
      "engines": {
        "node": ">=18"
      }
    },
    "node_modules/@esbuild/linux-ppc64": {
      "version": "0.25.3",
      "resolved": "https://registry.npmjs.org/@esbuild/linux-ppc64/-/linux-ppc64-0.25.3.tgz",
      "integrity": "sha512-ZC4jV2p7VbzTlnl8nZKLcBkfzIf4Yad1SJM4ZMKYnJqZFD4rTI+pBG65u8ev4jk3/MPwY9DvGn50wi3uhdaghg==",
      "cpu": [
        "ppc64"
      ],
      "dev": true,
      "license": "MIT",
      "optional": true,
      "os": [
        "linux"
      ],
      "engines": {
        "node": ">=18"
      }
    },
    "node_modules/@esbuild/linux-riscv64": {
      "version": "0.25.3",
      "resolved": "https://registry.npmjs.org/@esbuild/linux-riscv64/-/linux-riscv64-0.25.3.tgz",
      "integrity": "sha512-LDDODcFzNtECTrUUbVCs6j9/bDVqy7DDRsuIXJg6so+mFksgwG7ZVnTruYi5V+z3eE5y+BJZw7VvUadkbfg7QA==",
      "cpu": [
        "riscv64"
      ],
      "dev": true,
      "license": "MIT",
      "optional": true,
      "os": [
        "linux"
      ],
      "engines": {
        "node": ">=18"
      }
    },
    "node_modules/@esbuild/linux-s390x": {
      "version": "0.25.3",
      "resolved": "https://registry.npmjs.org/@esbuild/linux-s390x/-/linux-s390x-0.25.3.tgz",
      "integrity": "sha512-s+w/NOY2k0yC2p9SLen+ymflgcpRkvwwa02fqmAwhBRI3SC12uiS10edHHXlVWwfAagYSY5UpmT/zISXPMW3tQ==",
      "cpu": [
        "s390x"
      ],
      "dev": true,
      "license": "MIT",
      "optional": true,
      "os": [
        "linux"
      ],
      "engines": {
        "node": ">=18"
      }
    },
    "node_modules/@esbuild/linux-x64": {
      "version": "0.25.3",
      "resolved": "https://registry.npmjs.org/@esbuild/linux-x64/-/linux-x64-0.25.3.tgz",
      "integrity": "sha512-nQHDz4pXjSDC6UfOE1Fw9Q8d6GCAd9KdvMZpfVGWSJztYCarRgSDfOVBY5xwhQXseiyxapkiSJi/5/ja8mRFFA==",
      "cpu": [
        "x64"
      ],
      "dev": true,
      "license": "MIT",
      "optional": true,
      "os": [
        "linux"
      ],
      "engines": {
        "node": ">=18"
      }
    },
    "node_modules/@esbuild/netbsd-arm64": {
      "version": "0.25.3",
      "resolved": "https://registry.npmjs.org/@esbuild/netbsd-arm64/-/netbsd-arm64-0.25.3.tgz",
      "integrity": "sha512-1QaLtOWq0mzK6tzzp0jRN3eccmN3hezey7mhLnzC6oNlJoUJz4nym5ZD7mDnS/LZQgkrhEbEiTn515lPeLpgWA==",
      "cpu": [
        "arm64"
      ],
      "dev": true,
      "license": "MIT",
      "optional": true,
      "os": [
        "netbsd"
      ],
      "engines": {
        "node": ">=18"
      }
    },
    "node_modules/@esbuild/netbsd-x64": {
      "version": "0.25.3",
      "resolved": "https://registry.npmjs.org/@esbuild/netbsd-x64/-/netbsd-x64-0.25.3.tgz",
      "integrity": "sha512-i5Hm68HXHdgv8wkrt+10Bc50zM0/eonPb/a/OFVfB6Qvpiirco5gBA5bz7S2SHuU+Y4LWn/zehzNX14Sp4r27g==",
      "cpu": [
        "x64"
      ],
      "dev": true,
      "license": "MIT",
      "optional": true,
      "os": [
        "netbsd"
      ],
      "engines": {
        "node": ">=18"
      }
    },
    "node_modules/@esbuild/openbsd-arm64": {
      "version": "0.25.3",
      "resolved": "https://registry.npmjs.org/@esbuild/openbsd-arm64/-/openbsd-arm64-0.25.3.tgz",
      "integrity": "sha512-zGAVApJEYTbOC6H/3QBr2mq3upG/LBEXr85/pTtKiv2IXcgKV0RT0QA/hSXZqSvLEpXeIxah7LczB4lkiYhTAQ==",
      "cpu": [
        "arm64"
      ],
      "dev": true,
      "license": "MIT",
      "optional": true,
      "os": [
        "openbsd"
      ],
      "engines": {
        "node": ">=18"
      }
    },
    "node_modules/@esbuild/openbsd-x64": {
      "version": "0.25.3",
      "resolved": "https://registry.npmjs.org/@esbuild/openbsd-x64/-/openbsd-x64-0.25.3.tgz",
      "integrity": "sha512-fpqctI45NnCIDKBH5AXQBsD0NDPbEFczK98hk/aa6HJxbl+UtLkJV2+Bvy5hLSLk3LHmqt0NTkKNso1A9y1a4w==",
      "cpu": [
        "x64"
      ],
      "dev": true,
      "license": "MIT",
      "optional": true,
      "os": [
        "openbsd"
      ],
      "engines": {
        "node": ">=18"
      }
    },
    "node_modules/@esbuild/sunos-x64": {
      "version": "0.25.3",
      "resolved": "https://registry.npmjs.org/@esbuild/sunos-x64/-/sunos-x64-0.25.3.tgz",
      "integrity": "sha512-ROJhm7d8bk9dMCUZjkS8fgzsPAZEjtRJqCAmVgB0gMrvG7hfmPmz9k1rwO4jSiblFjYmNvbECL9uhaPzONMfgA==",
      "cpu": [
        "x64"
      ],
      "dev": true,
      "license": "MIT",
      "optional": true,
      "os": [
        "sunos"
      ],
      "engines": {
        "node": ">=18"
      }
    },
    "node_modules/@esbuild/win32-arm64": {
      "version": "0.25.3",
      "resolved": "https://registry.npmjs.org/@esbuild/win32-arm64/-/win32-arm64-0.25.3.tgz",
      "integrity": "sha512-YWcow8peiHpNBiIXHwaswPnAXLsLVygFwCB3A7Bh5jRkIBFWHGmNQ48AlX4xDvQNoMZlPYzjVOQDYEzWCqufMQ==",
      "cpu": [
        "arm64"
      ],
      "dev": true,
      "license": "MIT",
      "optional": true,
      "os": [
        "win32"
      ],
      "engines": {
        "node": ">=18"
      }
    },
    "node_modules/@esbuild/win32-ia32": {
      "version": "0.25.3",
      "resolved": "https://registry.npmjs.org/@esbuild/win32-ia32/-/win32-ia32-0.25.3.tgz",
      "integrity": "sha512-qspTZOIGoXVS4DpNqUYUs9UxVb04khS1Degaw/MnfMe7goQ3lTfQ13Vw4qY/Nj0979BGvMRpAYbs/BAxEvU8ew==",
      "cpu": [
        "ia32"
      ],
      "dev": true,
      "license": "MIT",
      "optional": true,
      "os": [
        "win32"
      ],
      "engines": {
        "node": ">=18"
      }
    },
    "node_modules/@esbuild/win32-x64": {
      "version": "0.25.3",
      "resolved": "https://registry.npmjs.org/@esbuild/win32-x64/-/win32-x64-0.25.3.tgz",
      "integrity": "sha512-ICgUR+kPimx0vvRzf+N/7L7tVSQeE3BYY+NhHRHXS1kBuPO7z2+7ea2HbhDyZdTephgvNvKrlDDKUexuCVBVvg==",
      "cpu": [
        "x64"
      ],
      "dev": true,
      "license": "MIT",
      "optional": true,
      "os": [
        "win32"
      ],
      "engines": {
        "node": ">=18"
      }
    },
    "node_modules/@lit-labs/ssr-dom-shim": {
      "version": "1.3.0",
      "resolved": "https://registry.npmjs.org/@lit-labs/ssr-dom-shim/-/ssr-dom-shim-1.3.0.tgz",
      "integrity": "sha512-nQIWonJ6eFAvUUrSlwyHDm/aE8PBDu5kRpL0vHMg6K8fK3Diq1xdPjTnsJSwxABhaZ+5eBi1btQB5ShUTKo4nQ==",
      "dev": true,
      "license": "BSD-3-Clause"
    },
    "node_modules/@lit/reactive-element": {
      "version": "2.1.0",
      "resolved": "https://registry.npmjs.org/@lit/reactive-element/-/reactive-element-2.1.0.tgz",
      "integrity": "sha512-L2qyoZSQClcBmq0qajBVbhYEcG6iK0XfLn66ifLe/RfC0/ihpc+pl0Wdn8bJ8o+hj38cG0fGXRgSS20MuXn7qA==",
      "dev": true,
      "license": "BSD-3-Clause",
      "dependencies": {
        "@lit-labs/ssr-dom-shim": "^1.2.0"
      }
    },
    "node_modules/@types/bootstrap": {
      "version": "3.4.0",
      "resolved": "https://registry.npmjs.org/@types/bootstrap/-/bootstrap-3.4.0.tgz",
      "integrity": "sha512-LS05hVAAsX86qbHg7W+ydwBlNHrVCoFw6wEP3/uW4eYmRXl08bWmPeN/+onM+8qZTFfDgUlG/OItJI8SW972oQ==",
      "dev": true,
      "license": "MIT",
      "dependencies": {
        "@types/jquery": "*"
      }
    },
    "node_modules/@types/bootstrap-datepicker": {
      "version": "0.0.14",
      "resolved": "https://registry.npmjs.org/@types/bootstrap-datepicker/-/bootstrap-datepicker-0.0.14.tgz",
      "integrity": "sha512-ZBwEUuwYpehEHWtkaIDl55N3F6dPz6xEsoPW5esCZdtuhuZdNC/ebFV2n48kATcY5S2HD3V0O5/J8nuEgVk9fQ==",
      "dev": true,
      "license": "MIT",
      "dependencies": {
        "@types/jquery": "*"
      }
    },
    "node_modules/@types/datatables.net": {
      "version": "1.10.28",
      "resolved": "https://registry.npmjs.org/@types/datatables.net/-/datatables.net-1.10.28.tgz",
      "integrity": "sha512-Y6SZZCdJt7vXROaTBc/ifwhAqSBg7V0urM+RqZt3Tj9JN1U8KSgQ7EKpFG88g/j4MVrlYDfSH+yqSnK0MaIwMw==",
      "dev": true,
      "license": "MIT",
      "dependencies": {
        "@types/jquery": "*"
      }
    },
    "node_modules/@types/ion-rangeslider": {
      "version": "2.3.0",
      "resolved": "https://registry.npmjs.org/@types/ion-rangeslider/-/ion-rangeslider-2.3.0.tgz",
      "integrity": "sha512-u1k2Ekfg7E/ByCrtqtMk98g3QMXnMyIjCKU397YfjhWnTrms2BteoTanMqe0MJ1zyBBiP6+bwbc7P4cU+RiL+w==",
      "dev": true,
      "license": "MIT"
    },
    "node_modules/@types/jquery": {
      "version": "3.5.14",
      "resolved": "https://registry.npmjs.org/@types/jquery/-/jquery-3.5.14.tgz",
      "integrity": "sha512-X1gtMRMbziVQkErhTQmSe2jFwwENA/Zr+PprCkF63vFq+Yt5PZ4AlKqgmeNlwgn7dhsXEK888eIW2520EpC+xg==",
      "dev": true,
      "license": "MIT",
      "dependencies": {
        "@types/sizzle": "*"
      }
    },
    "node_modules/@types/react": {
      "version": "19.1.2",
      "resolved": "https://registry.npmjs.org/@types/react/-/react-19.1.2.tgz",
      "integrity": "sha512-oxLPMytKchWGbnQM9O7D67uPa9paTNxO7jVoNMXgkkErULBPhPARCfkKL9ytcIJJRGjbsVwW4ugJzyFFvm/Tiw==",
      "dev": true,
      "license": "MIT",
      "peer": true,
      "dependencies": {
        "csstype": "^3.0.2"
      }
    },
    "node_modules/@types/react-dom": {
      "version": "19.1.3",
      "resolved": "https://registry.npmjs.org/@types/react-dom/-/react-dom-19.1.3.tgz",
      "integrity": "sha512-rJXC08OG0h3W6wDMFxQrZF00Kq6qQvw0djHRdzl3U5DnIERz0MRce3WVc7IS6JYBwtaP/DwYtRRjVlvivNveKg==",
      "dev": true,
      "license": "MIT",
      "peerDependencies": {
        "@types/react": "^19.0.0"
      }
    },
    "node_modules/@types/rstudio-shiny": {
      "version": "1.10.0",
      "resolved": "git+https://git@github.com/rstudio/shiny.git#79f42f58463b012ff3388d02f9f58ee750a2811a",
      "dev": true,
      "license": "GPL-3.0-only",
      "dependencies": {
        "@types/bootstrap": "3.4.0",
        "@types/bootstrap-datepicker": "0.0.14",
        "@types/datatables.net": "^1.10.19",
        "@types/ion-rangeslider": "2.3.0",
        "@types/jquery": "3.5.14",
        "@types/selectize": "0.12.34",
        "lit": "^3.0.0"
      },
      "engines": {
        "node": ">= 14",
        "yarn": ">= 1.22"
      }
    },
    "node_modules/@types/selectize": {
      "version": "0.12.34",
      "resolved": "https://registry.npmjs.org/@types/selectize/-/selectize-0.12.34.tgz",
      "integrity": "sha512-OAXHsgsHBMJBHnB6QrFlHVa0+gCE5lgjdpwJDlJLRhrcsM4I2VXrm2vsG00//Rpdm4XgnX17vrBpjHlWOk1ALw==",
      "dev": true,
      "license": "MIT"
    },
    "node_modules/@types/sizzle": {
      "version": "2.3.9",
      "resolved": "https://registry.npmjs.org/@types/sizzle/-/sizzle-2.3.9.tgz",
      "integrity": "sha512-xzLEyKB50yqCUPUJkIsrVvoWNfFUbIZI+RspLWt8u+tIW/BetMBZtgV2LY/2o+tYH8dRvQ+eoPf3NdhQCcLE2w==",
      "dev": true,
      "license": "MIT"
    },
    "node_modules/@types/trusted-types": {
      "version": "2.0.7",
      "resolved": "https://registry.npmjs.org/@types/trusted-types/-/trusted-types-2.0.7.tgz",
      "integrity": "sha512-ScaPdn1dQczgbl0QFTeTOmVHFULt394XJgOQNoyVhZ6r2vLnMLJfBPd53SB52T/3G36VI1/g2MZaX0cwDuXsfw==",
      "dev": true,
      "license": "MIT"
    },
    "node_modules/csstype": {
      "version": "3.1.3",
      "resolved": "https://registry.npmjs.org/csstype/-/csstype-3.1.3.tgz",
      "integrity": "sha512-M1uQkMl8rQK/szD0LNhtqxIPLpimGm8sOBwU7lLnCpSbTyY3yeU1Vc7l4KT5zT4s/yOxHH5O7tIuuLOCnLADRw==",
      "dev": true,
      "license": "MIT",
      "peer": true
    },
    "node_modules/esbuild": {
      "version": "0.25.3",
      "resolved": "https://registry.npmjs.org/esbuild/-/esbuild-0.25.3.tgz",
      "integrity": "sha512-qKA6Pvai73+M2FtftpNKRxJ78GIjmFXFxd/1DVBqGo/qNhLSfv+G12n9pNoWdytJC8U00TrViOwpjT0zgqQS8Q==",
      "dev": true,
      "hasInstallScript": true,
      "license": "MIT",
      "bin": {
        "esbuild": "bin/esbuild"
      },
      "engines": {
        "node": ">=18"
      },
      "optionalDependencies": {
        "@esbuild/aix-ppc64": "0.25.3",
        "@esbuild/android-arm": "0.25.3",
        "@esbuild/android-arm64": "0.25.3",
        "@esbuild/android-x64": "0.25.3",
        "@esbuild/darwin-arm64": "0.25.3",
        "@esbuild/darwin-x64": "0.25.3",
        "@esbuild/freebsd-arm64": "0.25.3",
        "@esbuild/freebsd-x64": "0.25.3",
        "@esbuild/linux-arm": "0.25.3",
        "@esbuild/linux-arm64": "0.25.3",
        "@esbuild/linux-ia32": "0.25.3",
        "@esbuild/linux-loong64": "0.25.3",
        "@esbuild/linux-mips64el": "0.25.3",
        "@esbuild/linux-ppc64": "0.25.3",
        "@esbuild/linux-riscv64": "0.25.3",
        "@esbuild/linux-s390x": "0.25.3",
        "@esbuild/linux-x64": "0.25.3",
        "@esbuild/netbsd-arm64": "0.25.3",
        "@esbuild/netbsd-x64": "0.25.3",
        "@esbuild/openbsd-arm64": "0.25.3",
        "@esbuild/openbsd-x64": "0.25.3",
        "@esbuild/sunos-x64": "0.25.3",
        "@esbuild/win32-arm64": "0.25.3",
        "@esbuild/win32-ia32": "0.25.3",
        "@esbuild/win32-x64": "0.25.3"
      }
    },
    "node_modules/lit": {
      "version": "3.3.0",
      "resolved": "https://registry.npmjs.org/lit/-/lit-3.3.0.tgz",
      "integrity": "sha512-DGVsqsOIHBww2DqnuZzW7QsuCdahp50ojuDaBPC7jUDRpYoH0z7kHBBYZewRzer75FwtrkmkKk7iOAwSaWdBmw==",
      "dev": true,
      "license": "BSD-3-Clause",
      "dependencies": {
        "@lit/reactive-element": "^2.1.0",
        "lit-element": "^4.2.0",
        "lit-html": "^3.3.0"
      }
    },
    "node_modules/lit-element": {
      "version": "4.2.0",
      "resolved": "https://registry.npmjs.org/lit-element/-/lit-element-4.2.0.tgz",
      "integrity": "sha512-MGrXJVAI5x+Bfth/pU9Kst1iWID6GHDLEzFEnyULB/sFiRLgkd8NPK/PeeXxktA3T6EIIaq8U3KcbTU5XFcP2Q==",
      "dev": true,
      "license": "BSD-3-Clause",
      "dependencies": {
        "@lit-labs/ssr-dom-shim": "^1.2.0",
        "@lit/reactive-element": "^2.1.0",
        "lit-html": "^3.3.0"
      }
    },
    "node_modules/lit-html": {
      "version": "3.3.0",
      "resolved": "https://registry.npmjs.org/lit-html/-/lit-html-3.3.0.tgz",
      "integrity": "sha512-RHoswrFAxY2d8Cf2mm4OZ1DgzCoBKUKSPvA1fhtSELxUERq2aQQ2h05pO9j81gS1o7RIRJ+CePLogfyahwmynw==",
      "dev": true,
      "license": "BSD-3-Clause",
      "dependencies": {
        "@types/trusted-types": "^2.0.2"
      }
    },
    "node_modules/prettier": {
      "version": "3.5.3",
      "resolved": "https://registry.npmjs.org/prettier/-/prettier-3.5.3.tgz",
      "integrity": "sha512-QQtaxnoDJeAkDvDKWCLiwIXkTgRhwYDEQCghU9Z6q03iyek/rxRh/2lC3HB7P8sWT2xC/y5JDctPLBIGzHKbhw==",
      "dev": true,
      "license": "MIT",
      "bin": {
        "prettier": "bin/prettier.cjs"
      },
      "engines": {
        "node": ">=14"
      },
      "funding": {
        "url": "https://github.com/prettier/prettier?sponsor=1"
      }
    },
    "node_modules/prettier-plugin-organize-imports": {
      "version": "4.1.0",
      "resolved": "https://registry.npmjs.org/prettier-plugin-organize-imports/-/prettier-plugin-organize-imports-4.1.0.tgz",
      "integrity": "sha512-5aWRdCgv645xaa58X8lOxzZoiHAldAPChljr/MT0crXVOWTZ+Svl4hIWlz+niYSlO6ikE5UXkN1JrRvIP2ut0A==",
      "dev": true,
      "license": "MIT",
      "peerDependencies": {
        "prettier": ">=2.0",
        "typescript": ">=2.9",
        "vue-tsc": "^2.1.0"
      },
      "peerDependenciesMeta": {
        "vue-tsc": {
          "optional": true
        }
      }
    },
    "node_modules/react": {
      "version": "19.1.0",
      "resolved": "https://registry.npmjs.org/react/-/react-19.1.0.tgz",
      "integrity": "sha512-FS+XFBNvn3GTAWq26joslQgWNoFu08F4kl0J4CgdNKADkdSGXQyTCnKteIAJy96Br6YbpEU1LSzV5dYtjMkMDg==",
      "dev": true,
      "license": "MIT",
      "engines": {
        "node": ">=0.10.0"
      }
    },
    "node_modules/react-dom": {
      "version": "19.1.0",
      "resolved": "https://registry.npmjs.org/react-dom/-/react-dom-19.1.0.tgz",
      "integrity": "sha512-Xs1hdnE+DyKgeHJeJznQmYMIBG3TKIHJJT95Q58nHLSrElKlGQqDTR2HQ9fx5CN/Gk6Vh/kupBTDLU11/nDk/g==",
      "dev": true,
      "license": "MIT",
      "dependencies": {
        "scheduler": "^0.26.0"
      },
      "peerDependencies": {
        "react": "^19.1.0"
      }
    },
    "node_modules/scheduler": {
      "version": "0.26.0",
      "resolved": "https://registry.npmjs.org/scheduler/-/scheduler-0.26.0.tgz",
      "integrity": "sha512-NlHwttCI/l5gCPR3D1nNXtWABUmBwvZpEQiD4IXSbIDq8BzLIK/7Ir5gTFSGZDUu37K5cMNp0hFtzO38sC7gWA==",
      "dev": true,
      "license": "MIT"
    },
    "node_modules/typescript": {
      "version": "5.8.3",
      "resolved": "https://registry.npmjs.org/typescript/-/typescript-5.8.3.tgz",
      "integrity": "sha512-p1diW6TqL9L07nNxvRMM7hMMw4c5XOo/1ibL4aAIGmSAt9slTE1Xgw5KWuof2uTOvCg9BY7ZRi+GaF+7sfgPeQ==",
      "dev": true,
      "license": "Apache-2.0",
      "bin": {
        "tsc": "bin/tsc",
        "tsserver": "bin/tsserver"
      },
      "engines": {
        "node": ">=14.17"
      }
    }
  }
}
